
Microsoft Visual Studio Solution File, Format Version 12.00
# Visual Studio Version 17
VisualStudioVersion = 17.13.35825.156
MinimumVisualStudioVersion = 10.0.40219.1
Project("{2150E333-8FDC-42A3-9474-1A3956D46DE8}") = "src", "src", "{02EA681E-C7D8-13C7-8484-4AC65E1B71E8}"
EndProject
Project("{FAE04EC0-301F-11D3-BF4B-00C04F79EFBC}") = "SportManagement.Data", "src\SportManagement.Data\SportManagement.Data.csproj", "{7901CE17-133B-D3A5-7961-8A5DB96414A7}"
EndProject
Project("{FAE04EC0-301F-11D3-BF4B-00C04F79EFBC}") = "SportManagement.Domain", "src\SportManagement.Domain\SportManagement.Domain.csproj", "{7D871618-A1DA-BD53-5C6A-BBA96F694F3F}"
EndProject
Project("{FAE04EC0-301F-11D3-BF4B-00C04F79EFBC}") = "SportManagement.Service", "src\SportManagement.Service\SportManagement.Service.csproj", "{79F9548B-B4C7-0ECA-1CD5-18323814C0BA}"
EndProject
Project("{FAE04EC0-301F-11D3-BF4B-00C04F79EFBC}") = "SportManagementApi", "src\SportManagementApi\SportManagementApi.csproj", "{31DF7753-970A-9FEC-FE61-39817FD7A6F1}"
EndProject
Global
	GlobalSection(SolutionConfigurationPlatforms) = preSolution
		Debug|Any CPU = Debug|Any CPU
		Debug|x64 = Debug|x64
		Debug|x86 = Debug|x86
		Release|Any CPU = Release|Any CPU
		Release|x64 = Release|x64
		Release|x86 = Release|x86
	EndGlobalSection
	GlobalSection(ProjectConfigurationPlatforms) = postSolution
		{7901CE17-133B-D3A5-7961-8A5DB96414A7}.Debug|Any CPU.ActiveCfg = Debug|Any CPU
		{7901CE17-133B-D3A5-7961-8A5DB96414A7}.Debug|Any CPU.Build.0 = Debug|Any CPU
		{7901CE17-133B-D3A5-7961-8A5DB96414A7}.Debug|x64.ActiveCfg = Debug|Any CPU
		{7901CE17-133B-D3A5-7961-8A5DB96414A7}.Debug|x64.Build.0 = Debug|Any CPU
		{7901CE17-133B-D3A5-7961-8A5DB96414A7}.Debug|x86.ActiveCfg = Debug|Any CPU
		{7901CE17-133B-D3A5-7961-8A5DB96414A7}.Debug|x86.Build.0 = Debug|Any CPU
		{7901CE17-133B-D3A5-7961-8A5DB96414A7}.Release|Any CPU.ActiveCfg = Release|Any CPU
		{7901CE17-133B-D3A5-7961-8A5DB96414A7}.Release|Any CPU.Build.0 = Release|Any CPU
		{7901CE17-133B-D3A5-7961-8A5DB96414A7}.Release|x64.ActiveCfg = Release|Any CPU
		{7901CE17-133B-D3A5-7961-8A5DB96414A7}.Release|x64.Build.0 = Release|Any CPU
		{7901CE17-133B-D3A5-7961-8A5DB96414A7}.Release|x86.ActiveCfg = Release|Any CPU
		{7901CE17-133B-D3A5-7961-8A5DB96414A7}.Release|x86.Build.0 = Release|Any CPU
		{7D871618-A1DA-BD53-5C6A-BBA96F694F3F}.Debug|Any CPU.ActiveCfg = Debug|Any CPU
		{7D871618-A1DA-BD53-5C6A-BBA96F694F3F}.Debug|Any CPU.Build.0 = Debug|Any CPU
		{7D871618-A1DA-BD53-5C6A-BBA96F694F3F}.Debug|x64.ActiveCfg = Debug|Any CPU
		{7D871618-A1DA-BD53-5C6A-BBA96F694F3F}.Debug|x64.Build.0 = Debug|Any CPU
		{7D871618-A1DA-BD53-5C6A-BBA96F694F3F}.Debug|x86.ActiveCfg = Debug|Any CPU
		{7D871618-A1DA-BD53-5C6A-BBA96F694F3F}.Debug|x86.Build.0 = Debug|Any CPU
		{7D871618-A1DA-BD53-5C6A-BBA96F694F3F}.Release|Any CPU.ActiveCfg = Release|Any CPU
		{7D871618-A1DA-BD53-5C6A-BBA96F694F3F}.Release|Any CPU.Build.0 = Release|Any CPU
		{7D871618-A1DA-BD53-5C6A-BBA96F694F3F}.Release|x64.ActiveCfg = Release|Any CPU
		{7D871618-A1DA-BD53-5C6A-BBA96F694F3F}.Release|x64.Build.0 = Release|Any CPU
		{7D871618-A1DA-BD53-5C6A-BBA96F694F3F}.Release|x86.ActiveCfg = Release|Any CPU
		{7D871618-A1DA-BD53-5C6A-BBA96F694F3F}.Release|x86.Build.0 = Release|Any CPU
		{79F9548B-B4C7-0ECA-1CD5-18323814C0BA}.Debug|Any CPU.ActiveCfg = Debug|Any CPU
		{79F9548B-B4C7-0ECA-1CD5-18323814C0BA}.Debug|Any CPU.Build.0 = Debug|Any CPU
		{79F9548B-B4C7-0ECA-1CD5-18323814C0BA}.Debug|x64.ActiveCfg = Debug|Any CPU
		{79F9548B-B4C7-0ECA-1CD5-18323814C0BA}.Debug|x64.Build.0 = Debug|Any CPU
		{79F9548B-B4C7-0ECA-1CD5-18323814C0BA}.Debug|x86.ActiveCfg = Debug|Any CPU
		{79F9548B-B4C7-0ECA-1CD5-18323814C0BA}.Debug|x86.Build.0 = Debug|Any CPU
		{79F9548B-B4C7-0ECA-1CD5-18323814C0BA}.Release|Any CPU.ActiveCfg = Release|Any CPU
		{79F9548B-B4C7-0ECA-1CD5-18323814C0BA}.Release|Any CPU.Build.0 = Release|Any CPU
		{79F9548B-B4C7-0ECA-1CD5-18323814C0BA}.Release|x64.ActiveCfg = Release|Any CPU
		{79F9548B-B4C7-0ECA-1CD5-18323814C0BA}.Release|x64.Build.0 = Release|Any CPU
		{79F9548B-B4C7-0ECA-1CD5-18323814C0BA}.Release|x86.ActiveCfg = Release|Any CPU
		{79F9548B-B4C7-0ECA-1CD5-18323814C0BA}.Release|x86.Build.0 = Release|Any CPU
		{31DF7753-970A-9FEC-FE61-39817FD7A6F1}.Debug|Any CPU.ActiveCfg = Debug|Any CPU
		{31DF7753-970A-9FEC-FE61-39817FD7A6F1}.Debug|Any CPU.Build.0 = Debug|Any CPU
		{31DF7753-970A-9FEC-FE61-39817FD7A6F1}.Debug|x64.ActiveCfg = Debug|Any CPU
		{31DF7753-970A-9FEC-FE61-39817FD7A6F1}.Debug|x64.Build.0 = Debug|Any CPU
		{31DF7753-970A-9FEC-FE61-39817FD7A6F1}.Debug|x86.ActiveCfg = Debug|Any CPU
		{31DF7753-970A-9FEC-FE61-39817FD7A6F1}.Debug|x86.Build.0 = Debug|Any CPU
		{31DF7753-970A-9FEC-FE61-39817FD7A6F1}.Release|Any CPU.ActiveCfg = Release|Any CPU
		{31DF7753-970A-9FEC-FE61-39817FD7A6F1}.Release|Any CPU.Build.0 = Release|Any CPU
		{31DF7753-970A-9FEC-FE61-39817FD7A6F1}.Release|x64.ActiveCfg = Release|Any CPU
		{31DF7753-970A-9FEC-FE61-39817FD7A6F1}.Release|x64.Build.0 = Release|Any CPU
		{31DF7753-970A-9FEC-FE61-39817FD7A6F1}.Release|x86.ActiveCfg = Release|Any CPU
		{31DF7753-970A-9FEC-FE61-39817FD7A6F1}.Release|x86.Build.0 = Release|Any CPU
	EndGlobalSection
	GlobalSection(SolutionProperties) = preSolution
		HideSolutionNode = FALSE
	EndGlobalSection
	GlobalSection(NestedProjects) = preSolution
		{7901CE17-133B-D3A5-7961-8A5DB96414A7} = {02EA681E-C7D8-13C7-8484-4AC65E1B71E8}
		{7D871618-A1DA-BD53-5C6A-BBA96F694F3F} = {02EA681E-C7D8-13C7-8484-4AC65E1B71E8}
		{79F9548B-B4C7-0ECA-1CD5-18323814C0BA} = {02EA681E-C7D8-13C7-8484-4AC65E1B71E8}
		{31DF7753-970A-9FEC-FE61-39817FD7A6F1} = {02EA681E-C7D8-13C7-8484-4AC65E1B71E8}
	EndGlobalSection
	GlobalSection(ExtensibilityGlobals) = postSolution
		SolutionGuid = {5367CA76-7596-4538-878C-293216D3E5C5}
	EndGlobalSection
EndGlobal
